// !$*UTF8*$!
{
	archiveVersion = 1;
	classes = {
	};
	objectVersion = 77;
	objects = {

/* Begin PBXBuildFile section */
		D82CC0892F710D6100211DB3 /* .gitignore in Resources */ = {isa = PBXBuildFile; fileRef = D82CC0882F710D6100211DB3 /* .gitignore */; };
		D82CC09E2F71136D00211DB3 /* AtomicDesign.md in Resources */ = {isa = PBXBuildFile; fileRef = D82CC09D2F71136D00211DB3 /* AtomicDesign.md */; };
		D82CC0CD2F711D1D00211DB3 /* RxCocoa in Frameworks */ = {isa = PBXBuildFile; productRef = D82CC0CC2F711D1D00211DB3 /* RxCocoa */; };
		D82CC0CF2F711D1D00211DB3 /* RxSwift in Frameworks */ = {isa = PBXBuildFile; productRef = D82CC0CE2F711D1D00211DB3 /* RxSwift */; };
		D82CC0D22F711D2B00211DB3 /* SnapKit in Frameworks */ = {isa = PBXBuildFile; productRef = D82CC0D12F711D2B00211DB3 /* SnapKit */; };
		D82CC0DA2F711D7D00211DB3 /* Kingfisher in Frameworks */ = {isa = PBXBuildFile; productRef = D82CC0D92F711D7D00211DB3 /* Kingfisher */; };
		D82CC51C2F73D0E800211DB3 /* WidgetKit.framework in Frameworks */ = {isa = PBXBuildFile; fileRef = D82CC51B2F73D0E700211DB3 /* WidgetKit.framework */; };
		D82CC51E2F73D0E800211DB3 /* SwiftUI.framework in Frameworks */ = {isa = PBXBuildFile; fileRef = D82CC51D2F73D0E800211DB3 /* SwiftUI.framework */; };
		D82CC52F2F73D0E900211DB3 /* ColorWalkWidgetExtension.appex in Embed Foundation Extensions */ = {isa = PBXBuildFile; fileRef = D82CC5192F73D0E700211DB3 /* ColorWalkWidgetExtension.appex */; settings = {ATTRIBUTES = (RemoveHeadersOnCopy, ); }; };
		D82CC62A2F74336000211DB3 /* RealmSwift in Frameworks */ = {isa = PBXBuildFile; productRef = D82CC6292F74336000211DB3 /* RealmSwift */; };
		D82CC62B2F74339300211DB3 /* RealmSwift in Embed Frameworks */ = {isa = PBXBuildFile; productRef = D82CC6292F74336000211DB3 /* RealmSwift */; settings = {ATTRIBUTES = (CodeSignOnCopy, ); }; };
		D85CE9D22F74C2B6002DB279 /* CLAUDE.md in Resources */ = {isa = PBXBuildFile; fileRef = D85CE9D12F74C2B6002DB279 /* CLAUDE.md */; };
		D89DEDAE2F796E2100DCC565 /* GEMINI.md in Resources */ = {isa = PBXBuildFile; fileRef = D89DEDAD2F796E2100DCC565 /* GEMINI.md */; };
		D8B767D82F88DF0C003BF264 /* FirebaseAnalyticsCore in Frameworks */ = {isa = PBXBuildFile; productRef = D8B767D72F88DF0C003BF264 /* FirebaseAnalyticsCore */; };
		D8B767DA2F88DF0C003BF264 /* FirebaseCrashlytics in Frameworks */ = {isa = PBXBuildFile; productRef = D8B767D92F88DF0C003BF264 /* FirebaseCrashlytics */; };
/* End PBXBuildFile section */

/* Begin PBXContainerItemProxy section */
		D82CC52D2F73D0E900211DB3 /* PBXContainerItemProxy */ = {
			isa = PBXContainerItemProxy;
			containerPortal = D82CC0682F710D1B00211DB3 /* Project object */;
			proxyType = 1;
			remoteGlobalIDString = D82CC5182F73D0E700211DB3;
			remoteInfo = ColorWalkWidgetExtension;
		};
/* End PBXContainerItemProxy section */

/* Begin PBXCopyFilesBuildPhase section */
		D82CC5342F73D0E900211DB3 /* Embed Foundation Extensions */ = {
			isa = PBXCopyFilesBuildPhase;
			buildActionMask = 2147483647;
			dstPath = "";
			dstSubfolderSpec = 13;
			files = (
				D82CC52F2F73D0E900211DB3 /* ColorWalkWidgetExtension.appex in Embed Foundation Extensions */,
			);
			name = "Embed Foundation Extensions";
			runOnlyForDeploymentPostprocessing = 0;
		};
		D82CC62C2F74339300211DB3 /* Embed Frameworks */ = {
			isa = PBXCopyFilesBuildPhase;
			buildActionMask = 2147483647;
			dstPath = "";
			dstSubfolderSpec = 10;
			files = (
				D82CC62B2F74339300211DB3 /* RealmSwift in Embed Frameworks */,
			);
			name = "Embed Frameworks";
			runOnlyForDeploymentPostprocessing = 0;
		};
/* End PBXCopyFilesBuildPhase section */

/* Begin PBXFileReference section */
		D82CC0702F710D1B00211DB3 /* ColorWalk.app */ = {isa = PBXFileReference; explicitFileType = wrapper.application; includeInIndex = 0; path = ColorWalk.app; sourceTree = BUILT_PRODUCTS_DIR; };
		D82CC0882F710D6100211DB3 /* .gitignore */ = {isa = PBXFileReference; lastKnownFileType = text; path = .gitignore; sourceTree = "<group>"; };
		D82CC09D2F71136D00211DB3 /* AtomicDesign.md */ = {isa = PBXFileReference; lastKnownFileType = net.daringfireball.markdown; path = AtomicDesign.md; sourceTree = "<group>"; };
		D82CC5192F73D0E700211DB3 /* ColorWalkWidgetExtension.appex */ = {isa = PBXFileReference; explicitFileType = "wrapper.app-extension"; includeInIndex = 0; path = ColorWalkWidgetExtension.appex; sourceTree = BUILT_PRODUCTS_DIR; };
		D82CC51B2F73D0E700211DB3 /* WidgetKit.framework */ = {isa = PBXFileReference; lastKnownFileType = wrapper.framework; name = WidgetKit.framework; path = System/Library/Frameworks/WidgetKit.framework; sourceTree = SDKROOT; };
		D82CC51D2F73D0E800211DB3 /* SwiftUI.framework */ = {isa = PBXFileReference; lastKnownFileType = wrapper.framework; name = SwiftUI.framework; path = System/Library/Frameworks/SwiftUI.framework; sourceTree = SDKROOT; };
		D85CE9D12F74C2B6002DB279 /* CLAUDE.md */ = {isa = PBXFileReference; lastKnownFileType = net.daringfireball.markdown; path = CLAUDE.md; sourceTree = "<group>"; };
		D89DEDAD2F796E2100DCC565 /* GEMINI.md */ = {isa = PBXFileReference; lastKnownFileType = net.daringfireball.markdown; path = GEMINI.md; sourceTree = "<group>"; };
/* End PBXFileReference section */

/* Begin PBXFileSystemSynchronizedBuildFileExceptionSet section */
		D82CC0822F710D1D00211DB3 /* Exceptions for "ColorWalk" folder in "ColorWalk" target */ = {
			isa = PBXFileSystemSynchronizedBuildFileExceptionSet;
			membershipExceptions = (
				Info.plist,
			);
			target = D82CC06F2F710D1B00211DB3 /* ColorWalk */;
		};
		D82CC5332F73D0E900211DB3 /* Exceptions for "ColorWalkWidget" folder in "ColorWalkWidgetExtension" target */ = {
			isa = PBXFileSystemSynchronizedBuildFileExceptionSet;
			membershipExceptions = (
				Info.plist,
			);
			target = D82CC5182F73D0E700211DB3 /* ColorWalkWidgetExtension */;
		};
		D8B75B8E2F8352EE003BF264 /* Exceptions for "ColorWalk" folder in "ColorWalkWidgetExtension" target */ = {
			isa = PBXFileSystemSynchronizedBuildFileExceptionSet;
			membershipExceptions = (
				Resource/Assets.xcassets,
			);
			target = D82CC5182F73D0E700211DB3 /* ColorWalkWidgetExtension */;
		};
/* End PBXFileSystemSynchronizedBuildFileExceptionSet section */

/* Begin PBXFileSystemSynchronizedRootGroup section */
		D82CC0722F710D1B00211DB3 /* ColorWalk */ = {
			isa = PBXFileSystemSynchronizedRootGroup;
			exceptions = (
				D82CC0822F710D1D00211DB3 /* Exceptions for "ColorWalk" folder in "ColorWalk" target */,
				D8B75B8E2F8352EE003BF264 /* Exceptions for "ColorWalk" folder in "ColorWalkWidgetExtension" target */,
			);
			path = ColorWalk;
			sourceTree = "<group>";
		};
		D82CC51F2F73D0E800211DB3 /* ColorWalkWidget */ = {
			isa = PBXFileSystemSynchronizedRootGroup;
			exceptions = (
				D82CC5332F73D0E900211DB3 /* Exceptions for "ColorWalkWidget" folder in "ColorWalkWidgetExtension" target */,
			);
			path = ColorWalkWidget;
			sourceTree = "<group>";
		};
/* End PBXFileSystemSynchronizedRootGroup section */

/* Begin PBXFrameworksBuildPhase section */
		D82CC06D2F710D1B00211DB3 /* Frameworks */ = {
			isa = PBXFrameworksBuildPhase;
			buildActionMask = 2147483647;
			files = (
				D82CC62A2F74336000211DB3 /* RealmSwift in Frameworks */,
				D8B767D82F88DF0C003BF264 /* FirebaseAnalyticsCore in Frameworks */,
				D82CC0DA2F711D7D00211DB3 /* Kingfisher in Frameworks */,
				D8B767DA2F88DF0C003BF264 /* FirebaseCrashlytics in Frameworks */,
				D82CC0D22F711D2B00211DB3 /* SnapKit in Frameworks */,
				D82CC0CF2F711D1D00211DB3 /* RxSwift in Frameworks */,
				D82CC0CD2F711D1D00211DB3 /* RxCocoa in Frameworks */,
			);
			runOnlyForDeploymentPostprocessing = 0;
		};
		D82CC5162F73D0E700211DB3 /* Frameworks */ = {
			isa = PBXFrameworksBuildPhase;
			buildActionMask = 2147483647;
			files = (
				D82CC51E2F73D0E800211DB3 /* SwiftUI.framework in Frameworks */,
				D82CC51C2F73D0E800211DB3 /* WidgetKit.framework in Frameworks */,
			);
			runOnlyForDeploymentPostprocessing = 0;
		};
/* End PBXFrameworksBuildPhase section */

/* Begin PBXGroup section */
		D82CC0672F710D1B00211DB3 = {
			isa = PBXGroup;
			children = (
				D89DEDAD2F796E2100DCC565 /* GEMINI.md */,
				D82CC09D2F71136D00211DB3 /* AtomicDesign.md */,
				D85CE9D12F74C2B6002DB279 /* CLAUDE.md */,
				D82CC0882F710D6100211DB3 /* .gitignore */,
				D82CC0722F710D1B00211DB3 /* ColorWalk */,
				D82CC51F2F73D0E800211DB3 /* ColorWalkWidget */,
				D82CC51A2F73D0E700211DB3 /* Frameworks */,
				D82CC0712F710D1B00211DB3 /* Products */,
			);
			sourceTree = "<group>";
		};
		D82CC0712F710D1B00211DB3 /* Products */ = {
			isa = PBXGroup;
			children = (
				D82CC0702F710D1B00211DB3 /* ColorWalk.app */,
				D82CC5192F73D0E700211DB3 /* ColorWalkWidgetExtension.appex */,
			);
			name = Products;
			sourceTree = "<group>";
		};
		D82CC51A2F73D0E700211DB3 /* Frameworks */ = {
			isa = PBXGroup;
			children = (
				D82CC51B2F73D0E700211DB3 /* WidgetKit.framework */,
				D82CC51D2F73D0E800211DB3 /* SwiftUI.framework */,
			);
			name = Frameworks;
			sourceTree = "<group>";
		};
/* End PBXGroup section */

/* Begin PBXNativeTarget section */
		D82CC06F2F710D1B00211DB3 /* ColorWalk */ = {
			isa = PBXNativeTarget;
			buildConfigurationList = D82CC0832F710D1D00211DB3 /* Build configuration list for PBXNativeTarget "ColorWalk" */;
			buildPhases = (
				D82CC06C2F710D1B00211DB3 /* Sources */,
				D82CC06D2F710D1B00211DB3 /* Frameworks */,
				D82CC06E2F710D1B00211DB3 /* Resources */,
				D82CC5342F73D0E900211DB3 /* Embed Foundation Extensions */,
				D82CC62C2F74339300211DB3 /* Embed Frameworks */,
				D8B767DB2F88E29F003BF264 /* ShellScript */,
			);
			buildRules = (
			);
			dependencies = (
				D82CC52E2F73D0E900211DB3 /* PBXTargetDependency */,
			);
			fileSystemSynchronizedGroups = (
				D82CC0722F710D1B00211DB3 /* ColorWalk */,
			);
			name = ColorWalk;
			packageProductDependencies = (
				D82CC0CC2F711D1D00211DB3 /* RxCocoa */,
				D82CC0CE2F711D1D00211DB3 /* RxSwift */,
				D82CC0D12F711D2B00211DB3 /* SnapKit */,
				D82CC0D92F711D7D00211DB3 /* Kingfisher */,
				D82CC6292F74336000211DB3 /* RealmSwift */,
				D8B767D72F88DF0C003BF264 /* FirebaseAnalyticsCore */,
				D8B767D92F88DF0C003BF264 /* FirebaseCrashlytics */,
			);
			productName = ColorWalk;
			productReference = D82CC0702F710D1B00211DB3 /* ColorWalk.app */;
			productType = "com.apple.product-type.application";
		};
		D82CC5182F73D0E700211DB3 /* ColorWalkWidgetExtension */ = {
			isa = PBXNativeTarget;
			buildConfigurationList = D82CC5302F73D0E900211DB3 /* Build configuration list for PBXNativeTarget "ColorWalkWidgetExtension" */;
			buildPhases = (
				D82CC5152F73D0E700211DB3 /* Sources */,
				D82CC5162F73D0E700211DB3 /* Frameworks */,
				D82CC5172F73D0E700211DB3 /* Resources */,
			);
			buildRules = (
			);
			dependencies = (
			);
			fileSystemSynchronizedGroups = (
				D82CC51F2F73D0E800211DB3 /* ColorWalkWidget */,
			);
			name = ColorWalkWidgetExtension;
			packageProductDependencies = (
			);
			productName = ColorWalkWidgetExtension;
			productReference = D82CC5192F73D0E700211DB3 /* ColorWalkWidgetExtension.appex */;
			productType = "com.apple.product-type.app-extension";
		};
/* End PBXNativeTarget section */

/* Begin PBXProject section */
		D82CC0682F710D1B00211DB3 /* Project object */ = {
			isa = PBXProject;
			attributes = {
				BuildIndependentTargetsInParallel = 1;
				LastSwiftUpdateCheck = 2600;
				LastUpgradeCheck = 2600;
				TargetAttributes = {
					D82CC06F2F710D1B00211DB3 = {
						CreatedOnToolsVersion = 26.0;
					};
					D82CC5182F73D0E700211DB3 = {
						CreatedOnToolsVersion = 26.0;
					};
				};
			};
			buildConfigurationList = D82CC06B2F710D1B00211DB3 /* Build configuration list for PBXProject "ColorWalk" */;
			developmentRegion = en;
			hasScannedForEncodings = 0;
			knownRegions = (
				en,
				ko,
				Base,
				"zh-Hans",
				"zh-Hant-HK",
				"zh-Hant",
			);
			mainGroup = D82CC0672F710D1B00211DB3;
			minimizedProjectReferenceProxies = 1;
			packageReferences = (
				D82CC0CB2F711D1D00211DB3 /* XCRemoteSwiftPackageReference "RxSwift" */,
				D82CC0D02F711D2B00211DB3 /* XCRemoteSwiftPackageReference "SnapKit" */,
				D82CC0D82F711D7D00211DB3 /* XCRemoteSwiftPackageReference "Kingfisher" */,
				D82CC6262F74336000211DB3 /* XCRemoteSwiftPackageReference "realm-swift" */,
				D8B767D62F88DF0C003BF264 /* XCRemoteSwiftPackageReference "firebase-ios-sdk" */,
			);
			preferredProjectObjectVersion = 77;
			productRefGroup = D82CC0712F710D1B00211DB3 /* Products */;
			projectDirPath = "";
			projectRoot = "";
			targets = (
				D82CC06F2F710D1B00211DB3 /* ColorWalk */,
				D82CC5182F73D0E700211DB3 /* ColorWalkWidgetExtension */,
			);
		};
/* End PBXProject section */

/* Begin PBXResourcesBuildPhase section */
		D82CC06E2F710D1B00211DB3 /* Resources */ = {
			isa = PBXResourcesBuildPhase;
			buildActionMask = 2147483647;
			files = (
				D82CC0892F710D6100211DB3 /* .gitignore in Resources */,
				D89DEDAE2F796E2100DCC565 /* GEMINI.md in Resources */,
				D85CE9D22F74C2B6002DB279 /* CLAUDE.md in Resources */,
				D82CC09E2F71136D00211DB3 /* AtomicDesign.md in Resources */,
			);
			runOnlyForDeploymentPostprocessing = 0;
		};
		D82CC5172F73D0E700211DB3 /* Resources */ = {
			isa = PBXResourcesBuildPhase;
			buildActionMask = 2147483647;
			files = (
			);
			runOnlyForDeploymentPostprocessing = 0;
		};
/* End PBXResourcesBuildPhase section */

/* Begin PBXShellScriptBuildPhase section */
		D8B767DB2F88E29F003BF264 /* ShellScript */ = {
			isa = PBXShellScriptBuildPhase;
			buildActionMask = 2147483647;
			files = (
			);
			inputFileListPaths = (
			);
			inputPaths = (
				"${DWARF_DSYM_FOLDER_PATH}/${DWARF_DSYM_FILE_NAME}",
				"${DWARF_DSYM_FOLDER_PATH}/${DWARF_DSYM_FILE_NAME}/Contents/Resources/DWARF/${PRODUCT_NAME}",
				"${DWARF_DSYM_FOLDER_PATH}/${DWARF_DSYM_FILE_NAME}/Contents/Info.plist",
				"$(TARGET_BUILD_DIR)/$(UNLOCALIZED_RESOURCES_FOLDER_PATH)/GoogleService-Info.plist",
				"$(TARGET_BUILD_DIR)/$(EXECUTABLE_PATH)",
				"${DWARF_DSYM_FOLDER_PATH}/${DWARF_DSYM_FILE_NAME}/Contents/Resources/DWARF/${PRODUCT_NAME}.debug.dylib",
			);
			outputFileListPaths = (
			);
			outputPaths = (
			);
			runOnlyForDeploymentPostprocessing = 0;
			shellPath = /bin/sh;
			shellScript = "\"${BUILD_DIR%/Build/*}/SourcePackages/checkouts/firebase-ios-sdk/Crashlytics/run\"\n";
		};
/* End PBXShellScriptBuildPhase section */

/* Begin PBXSourcesBuildPhase section */
		D82CC06C2F710D1B00211DB3 /* Sources */ = {
			isa = PBXSourcesBuildPhase;
			buildActionMask = 2147483647;
			files = (
			);
			runOnlyForDeploymentPostprocessing = 0;
		};
		D82CC5152F73D0E700211DB3 /* Sources */ = {
			isa = PBXSourcesBuildPhase;
			buildActionMask = 2147483647;
			files = (
			);
			runOnlyForDeploymentPostprocessing = 0;
		};
/* End PBXSourcesBuildPhase section */

/* Begin PBXTargetDependency section */
		D82CC52E2F73D0E900211DB3 /* PBXTargetDependency */ = {
			isa = PBXTargetDependency;
			target = D82CC5182F73D0E700211DB3 /* ColorWalkWidgetExtension */;
			targetProxy = D82CC52D2F73D0E900211DB3 /* PBXContainerItemProxy */;
		};
/* End PBXTargetDependency section */

/* Begin XCBuildConfiguration section */
		D82CC0842F710D1D00211DB3 /* Debug */ = {
			isa = XCBuildConfiguration;
			buildSettings = {
				ASSETCATALOG_COMPILER_APPICON_NAME = AppIcon;
				ASSETCATALOG_COMPILER_GLOBAL_ACCENT_COLOR_NAME = AccentColor;
				CODE_SIGN_ENTITLEMENTS = ColorWalk/ColorWalk.entitlements;
				CODE_SIGN_STYLE = Automatic;
				CURRENT_PROJECT_VERSION = 1;
				DEBUG_INFORMATION_FORMAT = "dwarf-with-dsym";
				DEVELOPMENT_TEAM = W5Z68U98HJ;
				GENERATE_INFOPLIST_FILE = YES;
				INFOPLIST_FILE = ColorWalk/Info.plist;
				INFOPLIST_KEY_NSCameraUsageDescription = "주변의 아름다운 색을 카메라로 촬영하기 위해 카메라 접근 권한이 필요합니다.";
				INFOPLIST_KEY_NSLocationWhenInUseUsageDescription = "사용자의 위치를 기반으로 사진 정보를 제공하기 위해 필요합니다.";
				INFOPLIST_KEY_NSPhotoLibraryAddUsageDescription = "촬영한 색상 사진을 갤러리에 저장하기 위해 접근 권한이 필요합니다.";
				INFOPLIST_KEY_NSPhotoLibraryUsageDescription = "갤러리에서 사진을 가져와 색상을 수집하기 위해 사진 접근 권한이 필요합니다.";
				INFOPLIST_KEY_NSSupportsLiveActivities = YES;
				INFOPLIST_KEY_UIApplicationSupportsIndirectInputEvents = YES;
				INFOPLIST_KEY_UILaunchStoryboardName = LaunchScreen;
				INFOPLIST_KEY_UIMainStoryboardFile = "";
				INFOPLIST_KEY_UISupportedInterfaceOrientations = UIInterfaceOrientationPortrait;
				INFOPLIST_KEY_UISupportedInterfaceOrientations_iPad = "UIInterfaceOrientationLandscapeLeft UIInterfaceOrientationLandscapeRight UIInterfaceOrientationPortrait UIInterfaceOrientationPortraitUpsideDown";
				LD_RUNPATH_SEARCH_PATHS = (
					"$(inherited)",
					"@executable_path/Frameworks",
				);
				MARKETING_VERSION = 1.3.0;
				PRODUCT_BUNDLE_IDENTIFIER = com.yanni13.ColorWalk;
				PRODUCT_NAME = "$(TARGET_NAME)";
				STRING_CATALOG_GENERATE_SYMBOLS = YES;
				SUPPORTED_PLATFORMS = "iphoneos iphonesimulator";
				SUPPORTS_MACCATALYST = NO;
				SUPPORTS_MAC_DESIGNED_FOR_IPHONE_IPAD = NO;
				SUPPORTS_XR_DESIGNED_FOR_IPHONE_IPAD = NO;
				SWIFT_APPROACHABLE_CONCURRENCY = YES;
				SWIFT_DEFAULT_ACTOR_ISOLATION = nonisolated;
				SWIFT_EMIT_LOC_STRINGS = YES;
				SWIFT_UPCOMING_FEATURE_MEMBER_IMPORT_VISIBILITY = YES;
				SWIFT_VERSION = 5.0;
				TARGETED_DEVICE_FAMILY = 1;
			};
			name = Debug;
		};
		D82CC0852F710D1D00211DB3 /* Release */ = {
			isa = XCBuildConfiguration;
			buildSettings = {
				ASSETCATALOG_COMPILER_APPICON_NAME = AppIcon;
				ASSETCATALOG_COMPILER_GLOBAL_ACCENT_COLOR_NAME = AccentColor;
				CODE_SIGN_ENTITLEMENTS = ColorWalk/ColorWalk.entitlements;
				CODE_SIGN_STYLE = Automatic;
				CURRENT_PROJECT_VERSION = 1;
				DEVELOPMENT_TEAM = W5Z68U98HJ;
				GENERATE_INFOPLIST_FILE = YES;
				INFOPLIST_FILE = ColorWalk/Info.plist;
				INFOPLIST_KEY_NSCameraUsageDescription = "주변의 아름다운 색을 카메라로 촬영하기 위해 카메라 접근 권한이 필요합니다.";
				INFOPLIST_KEY_NSLocationWhenInUseUsageDescription = "사용자의 위치를 기반으로 사진 정보를 제공하기 위해 필요합니다.";
				INFOPLIST_KEY_NSPhotoLibraryAddUsageDescription = "촬영한 색상 사진을 갤러리에 저장하기 위해 접근 권한이 필요합니다.";
				INFOPLIST_KEY_NSPhotoLibraryUsageDescription = "갤러리에서 사진을 가져와 색상을 수집하기 위해 사진 접근 권한이 필요합니다.";
				INFOPLIST_KEY_NSSupportsLiveActivities = YES;
				INFOPLIST_KEY_UIApplicationSupportsIndirectInputEvents = YES;
				INFOPLIST_KEY_UILaunchStoryboardName = LaunchScreen;
				INFOPLIST_KEY_UIMainStoryboardFile = "";
				INFOPLIST_KEY_UISupportedInterfaceOrientations = UIInterfaceOrientationPortrait;
				INFOPLIST_KEY_UISupportedInterfaceOrientations_iPad = "UIInterfaceOrientationLandscapeLeft UIInterfaceOrientationLandscapeRight UIInterfaceOrientationPortrait UIInterfaceOrientationPortraitUpsideDown";
				LD_RUNPATH_SEARCH_PATHS = (
					"$(inherited)",
					"@executable_path/Frameworks",
				);
				MARKETING_VERSION = 1.3.0;
				PRODUCT_BUNDLE_IDENTIFIER = com.yanni13.ColorWalk;
				PRODUCT_NAME = "$(TARGET_NAME)";
				STRING_CATALOG_GENERATE_SYMBOLS = YES;
				SUPPORTED_PLATFORMS = "iphoneos iphonesimulator";
				SUPPORTS_MACCATALYST = NO;
				SUPPORTS_MAC_DESIGNED_FOR_IPHONE_IPAD = NO;
				SUPPORTS_XR_DESIGNED_FOR_IPHONE_IPAD = NO;
				SWIFT_APPROACHABLE_CONCURRENCY = YES;
				SWIFT_DEFAULT_ACTOR_ISOLATION = nonisolated;
				SWIFT_EMIT_LOC_STRINGS = YES;
				SWIFT_UPCOMING_FEATURE_MEMBER_IMPORT_VISIBILITY = YES;
				SWIFT_VERSION = 5.0;
				TARGETED_DEVICE_FAMILY = 1;
			};
			name = Release;
		};
		D82CC0862F710D1D00211DB3 /* Debug */ = {
			isa = XCBuildConfiguration;
			buildSettings = {
				ALWAYS_SEARCH_USER_PATHS = NO;
				ASSETCATALOG_COMPILER_GENERATE_SWIFT_ASSET_SYMBOL_EXTENSIONS = YES;
				CLANG_ANALYZER_NONNULL = YES;
				CLANG_ANALYZER_NUMBER_OBJECT_CONVERSION = YES_AGGRESSIVE;
				CLANG_CXX_LANGUAGE_STANDARD = "gnu++20";
				CLANG_ENABLE_MODULES = YES;
				CLANG_ENABLE_OBJC_ARC = YES;
				CLANG_ENABLE_OBJC_WEAK = YES;
				CLANG_WARN_BLOCK_CAPTURE_AUTORELEASING = YES;
				CLANG_WARN_BOOL_CONVERSION = YES;
				CLANG_WARN_COMMA = YES;
				CLANG_WARN_CONSTANT_CONVERSION = YES;
				CLANG_WARN_DEPRECATED_OBJC_IMPLEMENTATIONS = YES;
				CLANG_WARN_DIRECT_OBJC_ISA_USAGE = YES_ERROR;
				CLANG_WARN_DOCUMENTATION_COMMENTS = YES;
				CLANG_WARN_EMPTY_BODY = YES;
				CLANG_WARN_ENUM_CONVERSION = YES;
				CLANG_WARN_INFINITE_RECURSION = YES;
				CLANG_WARN_INT_CONVERSION = YES;
				CLANG_WARN_NON_LITERAL_NULL_CONVERSION = YES;
				CLANG_WARN_OBJC_IMPLICIT_RETAIN_SELF = YES;
				CLANG_WARN_OBJC_LITERAL_CONVERSION = YES;
				CLANG_WARN_OBJC_ROOT_CLASS = YES_ERROR;
				CLANG_WARN_QUOTED_INCLUDE_IN_FRAMEWORK_HEADER = YES;
				CLANG_WARN_RANGE_LOOP_ANALYSIS = YES;
				CLANG_WARN_STRICT_PROTOTYPES = YES;
				CLANG_WARN_SUSPICIOUS_MOVE = YES;
				CLANG_WARN_UNGUARDED_AVAILABILITY = YES_AGGRESSIVE;
				CLANG_WARN_UNREACHABLE_CODE = YES;
				CLANG_WARN__DUPLICATE_METHOD_MATCH = YES;
				COPY_PHASE_STRIP = NO;
				DEBUG_INFORMATION_FORMAT = dwarf;
				DEVELOPMENT_TEAM = W5Z68U98HJ;
				ENABLE_STRICT_OBJC_MSGSEND = YES;
				ENABLE_TESTABILITY = YES;
				ENABLE_USER_SCRIPT_SANDBOXING = YES;
				GCC_C_LANGUAGE_STANDARD = gnu17;
				GCC_DYNAMIC_NO_PIC = NO;
				GCC_NO_COMMON_BLOCKS = YES;
				GCC_OPTIMIZATION_LEVEL = 0;
				GCC_PREPROCESSOR_DEFINITIONS = (
					"DEBUG=1",
					"$(inherited)",
				);
				GCC_WARN_64_TO_32_BIT_CONVERSION = YES;
				GCC_WARN_ABOUT_RETURN_TYPE = YES_ERROR;
				GCC_WARN_UNDECLARED_SELECTOR = YES;
				GCC_WARN_UNINITIALIZED_AUTOS = YES_AGGRESSIVE;
				GCC_WARN_UNUSED_FUNCTION = YES;
				GCC_WARN_UNUSED_VARIABLE = YES;
				IPHONEOS_DEPLOYMENT_TARGET = 26.0;
				LOCALIZATION_PREFERS_STRING_CATALOGS = YES;
				MTL_ENABLE_DEBUG_INFO = INCLUDE_SOURCE;
				MTL_FAST_MATH = YES;
				ONLY_ACTIVE_ARCH = YES;
				SDKROOT = iphoneos;
				SWIFT_ACTIVE_COMPILATION_CONDITIONS = "DEBUG $(inherited)";
				SWIFT_OPTIMIZATION_LEVEL = "-Onone";
			};
			name = Debug;
		};
		D82CC0872F710D1D00211DB3 /* Release */ = {
			isa = XCBuildConfiguration;
			buildSettings = {
				ALWAYS_SEARCH_USER_PATHS = NO;
				ASSETCATALOG_COMPILER_GENERATE_SWIFT_ASSET_SYMBOL_EXTENSIONS = YES;
				CLANG_ANALYZER_NONNULL = YES;
				CLANG_ANALYZER_NUMBER_OBJECT_CONVERSION = YES_AGGRESSIVE;
				CLANG_CXX_LANGUAGE_STANDARD = "gnu++20";
				CLANG_ENABLE_MODULES = YES;
				CLANG_ENABLE_OBJC_ARC = YES;
				CLANG_ENABLE_OBJC_WEAK = YES;
				CLANG_WARN_BLOCK_CAPTURE_AUTORELEASING = YES;
				CLANG_WARN_BOOL_CONVERSION = YES;
				CLANG_WARN_COMMA = YES;
				CLANG_WARN_CONSTANT_CONVERSION = YES;
				CLANG_WARN_DEPRECATED_OBJC_IMPLEMENTATIONS = YES;
				CLANG_WARN_DIRECT_OBJC_ISA_USAGE = YES_ERROR;
				CLANG_WARN_DOCUMENTATION_COMMENTS = YES;
				CLANG_WARN_EMPTY_BODY = YES;
				CLANG_WARN_ENUM_CONVERSION = YES;
				CLANG_WARN_INFINITE_RECURSION = YES;
				CLANG_WARN_INT_CONVERSION = YES;
				CLANG_WARN_NON_LITERAL_NULL_CONVERSION = YES;
				CLANG_WARN_OBJC_IMPLICIT_RETAIN_SELF = YES;
				CLANG_WARN_OBJC_LITERAL_CONVERSION = YES;
				CLANG_WARN_OBJC_ROOT_CLASS = YES_ERROR;
				CLANG_WARN_QUOTED_INCLUDE_IN_FRAMEWORK_HEADER = YES;
				CLANG_WARN_RANGE_LOOP_ANALYSIS = YES;
				CLANG_WARN_STRICT_PROTOTYPES = YES;
				CLANG_WARN_SUSPICIOUS_MOVE = YES;
				CLANG_WARN_UNGUARDED_AVAILABILITY = YES_AGGRESSIVE;
				CLANG_WARN_UNREACHABLE_CODE = YES;
				CLANG_WARN__DUPLICATE_METHOD_MATCH = YES;
				COPY_PHASE_STRIP = NO;
				DEBUG_INFORMATION_FORMAT = "dwarf-with-dsym";
				DEVELOPMENT_TEAM = W5Z68U98HJ;
				ENABLE_NS_ASSERTIONS = NO;
				ENABLE_STRICT_OBJC_MSGSEND = YES;
				ENABLE_USER_SCRIPT_SANDBOXING = YES;
				GCC_C_LANGUAGE_STANDARD = gnu17;
				GCC_NO_COMMON_BLOCKS = YES;
				GCC_WARN_64_TO_32_BIT_CONVERSION = YES;
				GCC_WARN_ABOUT_RETURN_TYPE = YES_ERROR;
				GCC_WARN_UNDECLARED_SELECTOR = YES;
				GCC_WARN_UNINITIALIZED_AUTOS = YES_AGGRESSIVE;
				GCC_WARN_UNUSED_FUNCTION = YES;
				GCC_WARN_UNUSED_VARIABLE = YES;
				IPHONEOS_DEPLOYMENT_TARGET = 26.0;
				LOCALIZATION_PREFERS_STRING_CATALOGS = YES;
				MTL_ENABLE_DEBUG_INFO = NO;
				MTL_FAST_MATH = YES;
				SDKROOT = iphoneos;
				SWIFT_COMPILATION_MODE = wholemodule;
				VALIDATE_PRODUCT = YES;
			};
			name = Release;
		};
		D82CC5312F73D0E900211DB3 /* Debug */ = {
			isa = XCBuildConfiguration;
			buildSettings = {
				ASSETCATALOG_COMPILER_GLOBAL_ACCENT_COLOR_NAME = AccentColor;
				ASSETCATALOG_COMPILER_WIDGET_BACKGROUND_COLOR_NAME = WidgetBackground;
				CODE_SIGN_ENTITLEMENTS = ColorWalkWidget/ColorWalkWidget.entitlements;
				CODE_SIGN_STYLE = Automatic;
				CURRENT_PROJECT_VERSION = 1;
				DEVELOPMENT_TEAM = W5Z68U98HJ;
				GENERATE_INFOPLIST_FILE = YES;
				INFOPLIST_FILE = ColorWalkWidget/Info.plist;
				INFOPLIST_KEY_CFBundleDisplayName = "담아,";
				INFOPLIST_KEY_NSHumanReadableCopyright = "";
				LD_RUNPATH_SEARCH_PATHS = (
					"$(inherited)",
					"@executable_path/Frameworks",
					"@executable_path/../../Frameworks",
				);
				MARKETING_VERSION = 1.2.0;
				PRODUCT_BUNDLE_IDENTIFIER = com.yanni13.ColorWalk.ColorWalkWidget;
				PRODUCT_NAME = "$(TARGET_NAME)";
				SKIP_INSTALL = YES;
				STRING_CATALOG_GENERATE_SYMBOLS = YES;
				SUPPORTED_PLATFORMS = "iphoneos iphonesimulator";
				SUPPORTS_MACCATALYST = NO;
				SUPPORTS_MAC_DESIGNED_FOR_IPHONE_IPAD = NO;
				SUPPORTS_XR_DESIGNED_FOR_IPHONE_IPAD = NO;
				SWIFT_APPROACHABLE_CONCURRENCY = YES;
				SWIFT_EMIT_LOC_STRINGS = YES;
				SWIFT_UPCOMING_FEATURE_MEMBER_IMPORT_VISIBILITY = YES;
				SWIFT_VERSION = 5.0;
				TARGETED_DEVICE_FAMILY = 1;
			};
			name = Debug;
		};
		D82CC5322F73D0E900211DB3 /* Release */ = {
			isa = XCBuildConfiguration;
			buildSettings = {
				ASSETCATALOG_COMPILER_GLOBAL_ACCENT_COLOR_NAME = AccentColor;
				ASSETCATALOG_COMPILER_WIDGET_BACKGROUND_COLOR_NAME = WidgetBackground;
				CODE_SIGN_ENTITLEMENTS = ColorWalkWidget/ColorWalkWidget.entitlements;
				CODE_SIGN_STYLE = Automatic;
				CURRENT_PROJECT_VERSION = 1;
				DEVELOPMENT_TEAM = W5Z68U98HJ;
				GENERATE_INFOPLIST_FILE = YES;
				INFOPLIST_FILE = ColorWalkWidget/Info.plist;
				INFOPLIST_KEY_CFBundleDisplayName = "담아,";
				INFOPLIST_KEY_NSHumanReadableCopyright = "";
				LD_RUNPATH_SEARCH_PATHS = (
					"$(inherited)",
					"@executable_path/Frameworks",
					"@executable_path/../../Frameworks",
				);
				MARKETING_VERSION = 1.2.0;
				PRODUCT_BUNDLE_IDENTIFIER = com.yanni13.ColorWalk.ColorWalkWidget;
				PRODUCT_NAME = "$(TARGET_NAME)";
				SKIP_INSTALL = YES;
				STRING_CATALOG_GENERATE_SYMBOLS = YES;
				SUPPORTED_PLATFORMS = "iphoneos iphonesimulator";
				SUPPORTS_MACCATALYST = NO;
				SUPPORTS_MAC_DESIGNED_FOR_IPHONE_IPAD = NO;
				SUPPORTS_XR_DESIGNED_FOR_IPHONE_IPAD = NO;
				SWIFT_APPROACHABLE_CONCURRENCY = YES;
				SWIFT_EMIT_LOC_STRINGS = YES;
				SWIFT_UPCOMING_FEATURE_MEMBER_IMPORT_VISIBILITY = YES;
				SWIFT_VERSION = 5.0;
				TARGETED_DEVICE_FAMILY = 1;
			};
			name = Release;
		};
/* End XCBuildConfiguration section */

/* Begin XCConfigurationList section */
		D82CC06B2F710D1B00211DB3 /* Build configuration list for PBXProject "ColorWalk" */ = {
			isa = XCConfigurationList;
			buildConfigurations = (
				D82CC0862F710D1D00211DB3 /* Debug */,
				D82CC0872F710D1D00211DB3 /* Release */,
			);
			defaultConfigurationIsVisible = 0;
			defaultConfigurationName = Release;
		};
		D82CC0832F710D1D00211DB3 /* Build configuration list for PBXNativeTarget "ColorWalk" */ = {
			isa = XCConfigurationList;
			buildConfigurations = (
				D82CC0842F710D1D00211DB3 /* Debug */,
				D82CC0852F710D1D00211DB3 /* Release */,
			);
			defaultConfigurationIsVisible = 0;
			defaultConfigurationName = Release;
		};
		D82CC5302F73D0E900211DB3 /* Build configuration list for PBXNativeTarget "ColorWalkWidgetExtension" */ = {
			isa = XCConfigurationList;
			buildConfigurations = (
				D82CC5312F73D0E900211DB3 /* Debug */,
				D82CC5322F73D0E900211DB3 /* Release */,
			);
			defaultConfigurationIsVisible = 0;
			defaultConfigurationName = Release;
		};
/* End XCConfigurationList section */

/* Begin XCRemoteSwiftPackageReference section */
		D82CC0CB2F711D1D00211DB3 /* XCRemoteSwiftPackageReference "RxSwift" */ = {
			isa = XCRemoteSwiftPackageReference;
			repositoryURL = "https://github.com/ReactiveX/RxSwift.git";
			requirement = {
				kind = upToNextMajorVersion;
				minimumVersion = 6.10.2;
			};
		};
		D82CC0D02F711D2B00211DB3 /* XCRemoteSwiftPackageReference "SnapKit" */ = {
			isa = XCRemoteSwiftPackageReference;
			repositoryURL = "https://github.com/SnapKit/SnapKit.git";
			requirement = {
				kind = upToNextMajorVersion;
				minimumVersion = 5.7.1;
			};
		};
		D82CC0D82F711D7D00211DB3 /* XCRemoteSwiftPackageReference "Kingfisher" */ = {
			isa = XCRemoteSwiftPackageReference;
			repositoryURL = "https://github.com/onevcat/Kingfisher.git";
			requirement = {
				kind = upToNextMajorVersion;
				minimumVersion = 8.8.0;
			};
		};
		D82CC6262F74336000211DB3 /* XCRemoteSwiftPackageReference "realm-swift" */ = {
			isa = XCRemoteSwiftPackageReference;
			repositoryURL = "https://github.com/realm/realm-swift.git";
			requirement = {
				kind = exactVersion;
				version = 20.0.3;
			};
		};
		D8B767D62F88DF0C003BF264 /* XCRemoteSwiftPackageReference "firebase-ios-sdk" */ = {
			isa = XCRemoteSwiftPackageReference;
			repositoryURL = "https://github.com/firebase/firebase-ios-sdk.git";
			requirement = {
				kind = upToNextMajorVersion;
				minimumVersion = 12.12.0;
			};
		};
/* End XCRemoteSwiftPackageReference section */

/* Begin XCSwiftPackageProductDependency section */
		D82CC0CC2F711D1D00211DB3 /* RxCocoa */ = {
			isa = XCSwiftPackageProductDependency;
			package = D82CC0CB2F711D1D00211DB3 /* XCRemoteSwiftPackageReference "RxSwift" */;
			productName = RxCocoa;
		};
		D82CC0CE2F711D1D00211DB3 /* RxSwift */ = {
			isa = XCSwiftPackageProductDependency;
			package = D82CC0CB2F711D1D00211DB3 /* XCRemoteSwiftPackageReference "RxSwift" */;
			productName = RxSwift;
		};
		D82CC0D12F711D2B00211DB3 /* SnapKit */ = {
			isa = XCSwiftPackageProductDependency;
			package = D82CC0D02F711D2B00211DB3 /* XCRemoteSwiftPackageReference "SnapKit" */;
			productName = SnapKit;
		};
		D82CC0D92F711D7D00211DB3 /* Kingfisher */ = {
			isa = XCSwiftPackageProductDependency;
			package = D82CC0D82F711D7D00211DB3 /* XCRemoteSwiftPackageReference "Kingfisher" */;
			productName = Kingfisher;
		};
		D82CC6292F74336000211DB3 /* RealmSwift */ = {
			isa = XCSwiftPackageProductDependency;
			package = D82CC6262F74336000211DB3 /* XCRemoteSwiftPackageReference "realm-swift" */;
			productName = RealmSwift;
		};
		D8B767D72F88DF0C003BF264 /* FirebaseAnalyticsCore */ = {
			isa = XCSwiftPackageProductDependency;
			package = D8B767D62F88DF0C003BF264 /* XCRemoteSwiftPackageReference "firebase-ios-sdk" */;
			productName = FirebaseAnalyticsCore;
		};
		D8B767D92F88DF0C003BF264 /* FirebaseCrashlytics */ = {
			isa = XCSwiftPackageProductDependency;
			package = D8B767D62F88DF0C003BF264 /* XCRemoteSwiftPackageReference "firebase-ios-sdk" */;
			productName = FirebaseCrashlytics;
		};
/* End XCSwiftPackageProductDependency section */
	};
	rootObject = D82CC0682F710D1B00211DB3 /* Project object */;
}
